
Microsoft Visual Studio Solution File, Format Version 12.00
# Visual Studio Version 16
VisualStudioVersion = 16.0.32228.343
MinimumVisualStudioVersion = 10.0.40219.1
Project("{FAE04EC0-301F-11D3-BF4B-00C04F79EFBC}") = "as1-5", "as1-5\as1-5.csproj", "{826F3B64-04E1-490E-9BB7-A38A62D29294}"
EndProject
Global
	GlobalSection(SolutionConfigurationPlatforms) = preSolution
		Debug|Any CPU = Debug|Any CPU
		Release|Any CPU = Release|Any CPU
	EndGlobalSection
	GlobalSection(ProjectConfigurationPlatforms) = postSolution
		{826F3B64-04E1-490E-9BB7-A38A62D29294}.Debug|Any CPU.ActiveCfg = Debug|Any CPU
		{826F3B64-04E1-490E-9BB7-A38A62D29294}.Debug|Any CPU.Build.0 = Debug|Any CPU
		{826F3B64-04E1-490E-9BB7-A38A62D29294}.Release|Any CPU.ActiveCfg = Release|Any CPU
		{826F3B64-04E1-490E-9BB7-A38A62D29294}.Release|Any CPU.Build.0 = Release|Any CPU
	EndGlobalSection
	GlobalSection(SolutionProperties) = preSolution
		HideSolutionNode = FALSE
	EndGlobalSection
	GlobalSection(ExtensibilityGlobals) = postSolution
		SolutionGuid = {54C94C50-2CC9-47F0-977D-3E0F02033D0A}
	EndGlobalSection
EndGlobal
